
Microsoft Visual Studio Solution File, Format Version 12.00
# Visual Studio Version 17
VisualStudioVersion = 17.14.36301.6
MinimumVisualStudioVersion = 10.0.40219.1
Project("{FAE04EC0-301F-11D3-BF4B-00C04F79EFBC}") = "MartianRover", "src\MartianRover\MartianRover.csproj", "{F61027AB-7B2B-4671-B0F4-5E117E7C93D2}"
EndProject
Project("{FAE04EC0-301F-11D3-BF4B-00C04F79EFBC}") = "MartianRover.Tests", "test\MartianRover.Tests\MartianRover.Tests.csproj", "{E54495C7-BB66-42D9-8E8E-15DA42E0BCCC}"
EndProject
Project("{2150E333-8FDC-42A3-9474-1A3956D46DE8}") = "SolutionItems", "SolutionItems", "{02EA681E-C7D8-13C7-8484-4AC65E1B71E8}"
	ProjectSection(SolutionItems) = preProject
		.gitignore = .gitignore
		README.md = README.md
	EndProjectSection
EndProject
Global
	GlobalSection(SolutionConfigurationPlatforms) = preSolution
		Debug|Any CPU = Debug|Any CPU
		Debug|x64 = Debug|x64
		Debug|x86 = Debug|x86
		Release|Any CPU = Release|Any CPU
		Release|x64 = Release|x64
		Release|x86 = Release|x86
	EndGlobalSection
	GlobalSection(ProjectConfigurationPlatforms) = postSolution
		{F61027AB-7B2B-4671-B0F4-5E117E7C93D2}.Debug|Any CPU.ActiveCfg = Debug|Any CPU
		{F61027AB-7B2B-4671-B0F4-5E117E7C93D2}.Debug|Any CPU.Build.0 = Debug|Any CPU
		{F61027AB-7B2B-4671-B0F4-5E117E7C93D2}.Debug|x64.ActiveCfg = Debug|Any CPU
		{F61027AB-7B2B-4671-B0F4-5E117E7C93D2}.Debug|x64.Build.0 = Debug|Any CPU
		{F61027AB-7B2B-4671-B0F4-5E117E7C93D2}.Debug|x86.ActiveCfg = Debug|Any CPU
		{F61027AB-7B2B-4671-B0F4-5E117E7C93D2}.Debug|x86.Build.0 = Debug|Any CPU
		{F61027AB-7B2B-4671-B0F4-5E117E7C93D2}.Release|Any CPU.ActiveCfg = Release|Any CPU
		{F61027AB-7B2B-4671-B0F4-5E117E7C93D2}.Release|Any CPU.Build.0 = Release|Any CPU
		{F61027AB-7B2B-4671-B0F4-5E117E7C93D2}.Release|x64.ActiveCfg = Release|Any CPU
		{F61027AB-7B2B-4671-B0F4-5E117E7C93D2}.Release|x64.Build.0 = Release|Any CPU
		{F61027AB-7B2B-4671-B0F4-5E117E7C93D2}.Release|x86.ActiveCfg = Release|Any CPU
		{F61027AB-7B2B-4671-B0F4-5E117E7C93D2}.Release|x86.Build.0 = Release|Any CPU
		{E54495C7-BB66-42D9-8E8E-15DA42E0BCCC}.Debug|Any CPU.ActiveCfg = Debug|Any CPU
		{E54495C7-BB66-42D9-8E8E-15DA42E0BCCC}.Debug|Any CPU.Build.0 = Debug|Any CPU
		{E54495C7-BB66-42D9-8E8E-15DA42E0BCCC}.Debug|x64.ActiveCfg = Debug|Any CPU
		{E54495C7-BB66-42D9-8E8E-15DA42E0BCCC}.Debug|x64.Build.0 = Debug|Any CPU
		{E54495C7-BB66-42D9-8E8E-15DA42E0BCCC}.Debug|x86.ActiveCfg = Debug|Any CPU
		{E54495C7-BB66-42D9-8E8E-15DA42E0BCCC}.Debug|x86.Build.0 = Debug|Any CPU
		{E54495C7-BB66-42D9-8E8E-15DA42E0BCCC}.Release|Any CPU.ActiveCfg = Release|Any CPU
		{E54495C7-BB66-42D9-8E8E-15DA42E0BCCC}.Release|Any CPU.Build.0 = Release|Any CPU
		{E54495C7-BB66-42D9-8E8E-15DA42E0BCCC}.Release|x64.ActiveCfg = Release|Any CPU
		{E54495C7-BB66-42D9-8E8E-15DA42E0BCCC}.Release|x64.Build.0 = Release|Any CPU
		{E54495C7-BB66-42D9-8E8E-15DA42E0BCCC}.Release|x86.ActiveCfg = Release|Any CPU
		{E54495C7-BB66-42D9-8E8E-15DA42E0BCCC}.Release|x86.Build.0 = Release|Any CPU
	EndGlobalSection
	GlobalSection(SolutionProperties) = preSolution
		HideSolutionNode = FALSE
	EndGlobalSection
	GlobalSection(ExtensibilityGlobals) = postSolution
		SolutionGuid = {E542D8AC-96F1-48AC-A7D5-881C4D3FBB77}
	EndGlobalSection
EndGlobal
